
Microsoft Visual Studio Solution File, Format Version 12.00
# Visual Studio 15
VisualStudioVersion = 15.0.27703.2026
MinimumVisualStudioVersion = 10.0.40219.1
Project("{FAE04EC0-301F-11D3-BF4B-00C04F79EFBC}") = "WindowsFormsApp2", "WindowsFormsApp2\WindowsFormsApp2.csproj", "{1CC499B0-BFE9-4201-AB0C-64B8FEF70D8B}"
EndProject
Global
	GlobalSection(SolutionConfigurationPlatforms) = preSolution
		Debug|Any CPU = Debug|Any CPU
		Release|Any CPU = Release|Any CPU
	EndGlobalSection
	GlobalSection(ProjectConfigurationPlatforms) = postSolution
		{1CC499B0-BFE9-4201-AB0C-64B8FEF70D8B}.Debug|Any CPU.ActiveCfg = Debug|Any CPU
		{1CC499B0-BFE9-4201-AB0C-64B8FEF70D8B}.Debug|Any CPU.Build.0 = Debug|Any CPU
		{1CC499B0-BFE9-4201-AB0C-64B8FEF70D8B}.Release|Any CPU.ActiveCfg = Release|Any CPU
		{1CC499B0-BFE9-4201-AB0C-64B8FEF70D8B}.Release|Any CPU.Build.0 = Release|Any CPU
	EndGlobalSection
	GlobalSection(SolutionProperties) = preSolution
		HideSolutionNode = FALSE
	EndGlobalSection
	GlobalSection(ExtensibilityGlobals) = postSolution
		SolutionGuid = {8CC81ACD-3B54-4E0D-B5D3-9D849B1CC88C}
	EndGlobalSection
EndGlobal
